// !$*UTF8*$!
{
	archiveVersion = 1;
	classes = {
	};
	objectVersion = 100;
	objects = {

/* Begin PBXBuildFile section */
		9F6D614B2FDD08D800FEE7B7 /* libplang.dylib in Frameworks */ = {isa = PBXBuildFile; fileRef = 9FBEF7492FB3D80800BACE77 /* libplang.dylib */; };
		9FBEF7582FB3D82300BACE77 /* libplang.dylib in Frameworks */ = {isa = PBXBuildFile; fileRef = 9FBEF7492FB3D80800BACE77 /* libplang.dylib */; };
/* End PBXBuildFile section */

/* Begin PBXContainerItemProxy section */
		9FBEF7592FB3D82300BACE77 /* PBXContainerItemProxy */ = {
			isa = PBXContainerItemProxy;
			containerPortal = 9FBEF7412FB3D80800BACE77 /* Project object */;
			proxyType = 1;
			remoteGlobalIDString = 9FBEF7482FB3D80800BACE77;
			remoteInfo = plang;
		};
/* End PBXContainerItemProxy section */

/* Begin PBXCopyFilesBuildPhase section */
		9F6D61412FDD08B900FEE7B7 /* CopyFiles */ = {
			isa = PBXCopyFilesBuildPhase;
			dstPath = /usr/share/man/man1/;
			dstSubfolder = None;
			files = (
			);
			runOnlyForDeploymentPostprocessing = 1;
		};
		9F7192902FC554C3005491E1 /* CopyFiles */ = {
			isa = PBXCopyFilesBuildPhase;
			dstPath = /usr/local/libexec/plang;
			dstSubfolder = None;
			files = (
			);
			runOnlyForDeploymentPostprocessing = 1;
		};
/* End PBXCopyFilesBuildPhase section */

/* Begin PBXFileReference section */
		9F0552AD2FDA2CC000C46327 /* CONTRIBUTING.md */ = {isa = PBXFileReference; lastKnownFileType = net.daringfireball.markdown; path = CONTRIBUTING.md; sourceTree = "<group>"; };
		9F0552AE2FDA2CC000C46327 /* COPYING */ = {isa = PBXFileReference; lastKnownFileType = text; path = COPYING; sourceTree = "<group>"; };
		9F0552AF2FDA2CC000C46327 /* README.md */ = {isa = PBXFileReference; lastKnownFileType = net.daringfireball.markdown; path = README.md; sourceTree = "<group>"; };
		9F6D61432FDD08B900FEE7B7 /* plang_demo */ = {isa = PBXFileReference; explicitFileType = "compiled.mach-o.executable"; includeInIndex = 0; path = plang_demo; sourceTree = BUILT_PRODUCTS_DIR; };
		9FBEF7492FB3D80800BACE77 /* libplang.dylib */ = {isa = PBXFileReference; explicitFileType = "compiled.mach-o.dylib"; includeInIndex = 0; path = libplang.dylib; sourceTree = BUILT_PRODUCTS_DIR; };
		9FBEF7542FB3D82200BACE77 /* plang Tests.xctest */ = {isa = PBXFileReference; explicitFileType = wrapper.cfbundle; includeInIndex = 0; path = "plang Tests.xctest"; sourceTree = BUILT_PRODUCTS_DIR; };
/* End PBXFileReference section */

/* Begin PBXFileSystemSynchronizedBuildFileExceptionSet section */
		9F71928F2FC554B3005491E1 /* Exceptions for "plang" folder in "plang" target */ = {
			isa = PBXFileSystemSynchronizedBuildFileExceptionSet;
			membershipExceptions = (
				plang.pas,
			);
			target = 9FBEF7482FB3D80800BACE77 /* plang */;
		};
		9FE70D4F2FBD5E11005F17E3 /* Exceptions for "plang Tests" folder in "plang Tests" target */ = {
			isa = PBXFileSystemSynchronizedBuildFileExceptionSet;
			membershipExceptions = (
				Base64.pas,
				PreambleUnit.pas,
				TrivialProgram.pas,
				TrivialUnit.pas,
			);
			target = 9FBEF7532FB3D82200BACE77 /* plang Tests */;
		};
/* End PBXFileSystemSynchronizedBuildFileExceptionSet section */

/* Begin PBXFileSystemSynchronizedGroupBuildPhaseMembershipExceptionSet section */
		9F7192922FC554DF005491E1 /* Exceptions for "plang" folder in "Copy Files" phase from "plang" target */ = {
			isa = PBXFileSystemSynchronizedGroupBuildPhaseMembershipExceptionSet;
			buildPhase = 9F7192902FC554C3005491E1 /* CopyFiles */;
			membershipExceptions = (
				plang.pas,
			);
		};
		9FE70D502FBD5E11005F17E3 /* Exceptions for "plang Tests" folder in "Copy Bundle Resources" phase from "plang Tests" target */ = {
			isa = PBXFileSystemSynchronizedGroupBuildPhaseMembershipExceptionSet;
			buildPhase = 9FBEF7522FB3D82200BACE77 /* Resources */;
			membershipExceptions = (
				Base64.pas,
				PreambleUnit.pas,
				TrivialProgram.pas,
				TrivialUnit.pas,
			);
		};
/* End PBXFileSystemSynchronizedGroupBuildPhaseMembershipExceptionSet section */

/* Begin PBXFileSystemSynchronizedRootGroup section */
		9F1757782FDE004700A3AD8F /* plang_demo */ = {
			isa = PBXFileSystemSynchronizedRootGroup;
			path = plang_demo;
			sourceTree = "<group>";
		};
		9FBEF7552FB3D82200BACE77 /* plang Tests */ = {
			isa = PBXFileSystemSynchronizedRootGroup;
			exceptions = (
				9FE70D4F2FBD5E11005F17E3 /* Exceptions for "plang Tests" folder in "plang Tests" target */,
				9FE70D502FBD5E11005F17E3 /* Exceptions for "plang Tests" folder in "Copy Bundle Resources" phase from "plang Tests" target */,
			);
			path = "plang Tests";
			sourceTree = "<group>";
		};
		9FBEF7652FB3E06600BACE77 /* plang */ = {
			isa = PBXFileSystemSynchronizedRootGroup;
			exceptions = (
				9F71928F2FC554B3005491E1 /* Exceptions for "plang" folder in "plang" target */,
				9F7192922FC554DF005491E1 /* Exceptions for "plang" folder in "Copy Files" phase from "plang" target */,
			);
			path = plang;
			sourceTree = "<group>";
		};
/* End PBXFileSystemSynchronizedRootGroup section */

/* Begin PBXFrameworksBuildPhase section */
		9F6D61402FDD08B900FEE7B7 /* Frameworks */ = {
			isa = PBXFrameworksBuildPhase;
			files = (
				9F6D614B2FDD08D800FEE7B7 /* libplang.dylib in Frameworks */,
			);
		};
		9FBEF7472FB3D80800BACE77 /* Frameworks */ = {
			isa = PBXFrameworksBuildPhase;
			files = (
			);
		};
		9FBEF7512FB3D82200BACE77 /* Frameworks */ = {
			isa = PBXFrameworksBuildPhase;
			files = (
				9FBEF7582FB3D82300BACE77 /* libplang.dylib in Frameworks */,
			);
		};
/* End PBXFrameworksBuildPhase section */

/* Begin PBXGroup section */
		9FBEF7402FB3D80800BACE77 = {
			isa = PBXGroup;
			children = (
				9F0552AF2FDA2CC000C46327 /* README.md */,
				9F0552AE2FDA2CC000C46327 /* COPYING */,
				9F0552AD2FDA2CC000C46327 /* CONTRIBUTING.md */,
				9FBEF7652FB3E06600BACE77 /* plang */,
				9FBEF7552FB3D82200BACE77 /* plang Tests */,
				9F1757782FDE004700A3AD8F /* plang_demo */,
				9FBEF74A2FB3D80800BACE77 /* Products */,
			);
			sourceTree = "<group>";
		};
		9FBEF74A2FB3D80800BACE77 /* Products */ = {
			isa = PBXGroup;
			children = (
				9FBEF7492FB3D80800BACE77 /* libplang.dylib */,
				9FBEF7542FB3D82200BACE77 /* plang Tests.xctest */,
				9F6D61432FDD08B900FEE7B7 /* plang_demo */,
			);
			name = Products;
			sourceTree = "<group>";
		};
/* End PBXGroup section */

/* Begin PBXHeadersBuildPhase section */
		9FBEF7452FB3D80800BACE77 /* Headers */ = {
			isa = PBXHeadersBuildPhase;
			files = (
			);
		};
/* End PBXHeadersBuildPhase section */

/* Begin PBXNativeTarget section */
		9F6D61422FDD08B900FEE7B7 /* plang_demo */ = {
			isa = PBXNativeTarget;
			buildConfigurationList = 9F6D61472FDD08B900FEE7B7 /* Build configuration list for PBXNativeTarget "plang_demo" */;
			buildPhases = (
				9F6D613F2FDD08B900FEE7B7 /* Sources */,
				9F6D61402FDD08B900FEE7B7 /* Frameworks */,
				9F6D61412FDD08B900FEE7B7 /* CopyFiles */,
			);
			buildRules = (
			);
			fileSystemSynchronizedGroups = (
				9F1757782FDE004700A3AD8F /* plang_demo */,
			);
			name = plang_demo;
			productName = plang_driver;
			productReference = 9F6D61432FDD08B900FEE7B7 /* plang_demo */;
			productType = "com.apple.product-type.tool";
		};
		9FBEF7482FB3D80800BACE77 /* plang */ = {
			isa = PBXNativeTarget;
			buildConfigurationList = 9FBEF74D2FB3D80800BACE77 /* Build configuration list for PBXNativeTarget "plang" */;
			buildPhases = (
				9FBEF7452FB3D80800BACE77 /* Headers */,
				9FBEF7462FB3D80800BACE77 /* Sources */,
				9FBEF7472FB3D80800BACE77 /* Frameworks */,
				9F7192902FC554C3005491E1 /* CopyFiles */,
			);
			buildRules = (
			);
			fileSystemSynchronizedGroups = (
				9FBEF7652FB3E06600BACE77 /* plang */,
			);
			name = plang;
			productName = plang;
			productReference = 9FBEF7492FB3D80800BACE77 /* libplang.dylib */;
			productType = "com.apple.product-type.library.dynamic";
		};
		9FBEF7532FB3D82200BACE77 /* plang Tests */ = {
			isa = PBXNativeTarget;
			buildConfigurationList = 9FBEF75B2FB3D82300BACE77 /* Build configuration list for PBXNativeTarget "plang Tests" */;
			buildPhases = (
				9FBEF7502FB3D82200BACE77 /* Sources */,
				9FBEF7512FB3D82200BACE77 /* Frameworks */,
				9FBEF7522FB3D82200BACE77 /* Resources */,
			);
			buildRules = (
			);
			dependencies = (
				9FBEF75A2FB3D82300BACE77 /* PBXTargetDependency */,
			);
			fileSystemSynchronizedGroups = (
				9FBEF7552FB3D82200BACE77 /* plang Tests */,
			);
			name = "plang Tests";
			productName = "plang Tests";
			productReference = 9FBEF7542FB3D82200BACE77 /* plang Tests.xctest */;
			productType = "com.apple.product-type.bundle.unit-test";
		};
/* End PBXNativeTarget section */

/* Begin PBXProject section */
		9FBEF7412FB3D80800BACE77 /* Project object */ = {
			isa = PBXProject;
			attributes = {
				BuildIndependentTargetsInParallel = 1;
				LastUpgradeCheck = 2650;
				TargetAttributes = {
					9F6D61422FDD08B900FEE7B7 = {
						CreatedOnToolsVersion = 26.5;
					};
					9FBEF7482FB3D80800BACE77 = {
						CreatedOnToolsVersion = 26.4.1;
					};
					9FBEF7532FB3D82200BACE77 = {
						CreatedOnToolsVersion = 26.4.1;
					};
				};
			};
			buildConfigurationList = 9FBEF7442FB3D80800BACE77 /* Build configuration list for PBXProject "plang" */;
			developmentRegion = en;
			hasScannedForEncodings = 0;
			knownRegions = (
				en,
				Base,
			);
			mainGroup = 9FBEF7402FB3D80800BACE77;
			minimizedProjectReferenceProxies = 1;
			preferredProjectObjectVersion = 100;
			productRefGroup = 9FBEF74A2FB3D80800BACE77 /* Products */;
			projectDirPath = "";
			projectRoot = "";
			targets = (
				9FBEF7482FB3D80800BACE77 /* plang */,
				9FBEF7532FB3D82200BACE77 /* plang Tests */,
				9F6D61422FDD08B900FEE7B7 /* plang_demo */,
			);
		};
/* End PBXProject section */

/* Begin PBXResourcesBuildPhase section */
		9FBEF7522FB3D82200BACE77 /* Resources */ = {
			isa = PBXResourcesBuildPhase;
			files = (
			);
		};
/* End PBXResourcesBuildPhase section */

/* Begin PBXSourcesBuildPhase section */
		9F6D613F2FDD08B900FEE7B7 /* Sources */ = {
			isa = PBXSourcesBuildPhase;
			files = (
			);
		};
		9FBEF7462FB3D80800BACE77 /* Sources */ = {
			isa = PBXSourcesBuildPhase;
			files = (
			);
		};
		9FBEF7502FB3D82200BACE77 /* Sources */ = {
			isa = PBXSourcesBuildPhase;
			files = (
			);
		};
/* End PBXSourcesBuildPhase section */

/* Begin PBXTargetDependency section */
		9FBEF75A2FB3D82300BACE77 /* PBXTargetDependency */ = {
			isa = PBXTargetDependency;
			target = 9FBEF7482FB3D80800BACE77 /* plang */;
			targetProxy = 9FBEF7592FB3D82300BACE77 /* PBXContainerItemProxy */;
		};
/* End PBXTargetDependency section */

/* Begin XCBuildConfiguration section */
		9F6D61482FDD08B900FEE7B7 /* Debug configuration for PBXNativeTarget "plang_demo" */ = {
			isa = XCBuildConfiguration;
			buildSettings = {
				CODE_SIGN_STYLE = Automatic;
				DEVELOPMENT_TEAM = V4FN2V327V;
				ENABLE_HARDENED_RUNTIME = YES;
				PRODUCT_NAME = "$(TARGET_NAME)";
			};
			name = Debug;
		};
		9F6D61492FDD08B900FEE7B7 /* Release configuration for PBXNativeTarget "plang_demo" */ = {
			isa = XCBuildConfiguration;
			buildSettings = {
				CODE_SIGN_STYLE = Automatic;
				DEVELOPMENT_TEAM = V4FN2V327V;
				ENABLE_HARDENED_RUNTIME = YES;
				PRODUCT_NAME = "$(TARGET_NAME)";
			};
			name = Release;
		};
		9FBEF74B2FB3D80800BACE77 /* Debug configuration for PBXProject "plang" */ = {
			isa = XCBuildConfiguration;
			buildSettings = {
				ALWAYS_SEARCH_USER_PATHS = NO;
				ASSETCATALOG_COMPILER_GENERATE_SWIFT_ASSET_SYMBOL_EXTENSIONS = YES;
				CLANG_ANALYZER_NONNULL = YES;
				CLANG_ANALYZER_NUMBER_OBJECT_CONVERSION = YES_AGGRESSIVE;
				CLANG_CXX_LANGUAGE_STANDARD = "gnu++20";
				CLANG_ENABLE_MODULES = YES;
				CLANG_ENABLE_OBJC_ARC = YES;
				CLANG_ENABLE_OBJC_WEAK = YES;
				CLANG_WARN_BLOCK_CAPTURE_AUTORELEASING = YES;
				CLANG_WARN_BOOL_CONVERSION = YES;
				CLANG_WARN_COMMA = YES;
				CLANG_WARN_CONSTANT_CONVERSION = YES;
				CLANG_WARN_DEPRECATED_OBJC_IMPLEMENTATIONS = YES;
				CLANG_WARN_DIRECT_OBJC_ISA_USAGE = YES_ERROR;
				CLANG_WARN_DOCUMENTATION_COMMENTS = YES;
				CLANG_WARN_EMPTY_BODY = YES;
				CLANG_WARN_ENUM_CONVERSION = YES;
				CLANG_WARN_INFINITE_RECURSION = YES;
				CLANG_WARN_INT_CONVERSION = YES;
				CLANG_WARN_NON_LITERAL_NULL_CONVERSION = YES;
				CLANG_WARN_OBJC_IMPLICIT_RETAIN_SELF = YES;
				CLANG_WARN_OBJC_LITERAL_CONVERSION = YES;
				CLANG_WARN_OBJC_ROOT_CLASS = YES_ERROR;
				CLANG_WARN_QUOTED_INCLUDE_IN_FRAMEWORK_HEADER = YES;
				CLANG_WARN_RANGE_LOOP_ANALYSIS = YES;
				CLANG_WARN_STRICT_PROTOTYPES = YES;
				CLANG_WARN_SUSPICIOUS_MOVE = YES;
				CLANG_WARN_UNGUARDED_AVAILABILITY = YES_AGGRESSIVE;
				CLANG_WARN_UNREACHABLE_CODE = YES;
				CLANG_WARN__DUPLICATE_METHOD_MATCH = YES;
				COPY_PHASE_STRIP = NO;
				DEAD_CODE_STRIPPING = YES;
				DEBUG_INFORMATION_FORMAT = dwarf;
				DEVELOPMENT_TEAM = V4FN2V327V;
				ENABLE_STRICT_OBJC_MSGSEND = YES;
				ENABLE_TESTABILITY = YES;
				ENABLE_USER_SCRIPT_SANDBOXING = YES;
				GCC_C_LANGUAGE_STANDARD = gnu17;
				GCC_DYNAMIC_NO_PIC = NO;
				GCC_NO_COMMON_BLOCKS = YES;
				GCC_OPTIMIZATION_LEVEL = 0;
				GCC_PREPROCESSOR_DEFINITIONS = (
					"DEBUG=1",
					"PLANG_MAIN=1",
					"$(inherited)",
				);
				GCC_WARN_64_TO_32_BIT_CONVERSION = YES;
				GCC_WARN_ABOUT_RETURN_TYPE = YES_ERROR;
				GCC_WARN_UNDECLARED_SELECTOR = YES;
				GCC_WARN_UNINITIALIZED_AUTOS = YES_AGGRESSIVE;
				GCC_WARN_UNUSED_FUNCTION = YES;
				GCC_WARN_UNUSED_VARIABLE = YES;
				LOCALIZATION_PREFERS_STRING_CATALOGS = YES;
				MACOSX_DEPLOYMENT_TARGET = 26.4;
				MTL_ENABLE_DEBUG_INFO = INCLUDE_SOURCE;
				MTL_FAST_MATH = YES;
				ONLY_ACTIVE_ARCH = YES;
				SDKROOT = macosx;
				VERSIONING_SYSTEM = "apple-generic";
			};
			name = Debug;
		};
		9FBEF74C2FB3D80800BACE77 /* Release configuration for PBXProject "plang" */ = {
			isa = XCBuildConfiguration;
			buildSettings = {
				ALWAYS_SEARCH_USER_PATHS = NO;
				ASSETCATALOG_COMPILER_GENERATE_SWIFT_ASSET_SYMBOL_EXTENSIONS = YES;
				CLANG_ANALYZER_NONNULL = YES;
				CLANG_ANALYZER_NUMBER_OBJECT_CONVERSION = YES_AGGRESSIVE;
				CLANG_CXX_LANGUAGE_STANDARD = "gnu++20";
				CLANG_ENABLE_MODULES = YES;
				CLANG_ENABLE_OBJC_ARC = YES;
				CLANG_ENABLE_OBJC_WEAK = YES;
				CLANG_WARN_BLOCK_CAPTURE_AUTORELEASING = YES;
				CLANG_WARN_BOOL_CONVERSION = YES;
				CLANG_WARN_COMMA = YES;
				CLANG_WARN_CONSTANT_CONVERSION = YES;
				CLANG_WARN_DEPRECATED_OBJC_IMPLEMENTATIONS = YES;
				CLANG_WARN_DIRECT_OBJC_ISA_USAGE = YES_ERROR;
				CLANG_WARN_DOCUMENTATION_COMMENTS = YES;
				CLANG_WARN_EMPTY_BODY = YES;
				CLANG_WARN_ENUM_CONVERSION = YES;
				CLANG_WARN_INFINITE_RECURSION = YES;
				CLANG_WARN_INT_CONVERSION = YES;
				CLANG_WARN_NON_LITERAL_NULL_CONVERSION = YES;
				CLANG_WARN_OBJC_IMPLICIT_RETAIN_SELF = YES;
				CLANG_WARN_OBJC_LITERAL_CONVERSION = YES;
				CLANG_WARN_OBJC_ROOT_CLASS = YES_ERROR;
				CLANG_WARN_QUOTED_INCLUDE_IN_FRAMEWORK_HEADER = YES;
				CLANG_WARN_RANGE_LOOP_ANALYSIS = YES;
				CLANG_WARN_STRICT_PROTOTYPES = YES;
				CLANG_WARN_SUSPICIOUS_MOVE = YES;
				CLANG_WARN_UNGUARDED_AVAILABILITY = YES_AGGRESSIVE;
				CLANG_WARN_UNREACHABLE_CODE = YES;
				CLANG_WARN__DUPLICATE_METHOD_MATCH = YES;
				COPY_PHASE_STRIP = NO;
				DEAD_CODE_STRIPPING = YES;
				DEBUG_INFORMATION_FORMAT = "dwarf-with-dsym";
				DEVELOPMENT_TEAM = V4FN2V327V;
				ENABLE_NS_ASSERTIONS = NO;
				ENABLE_STRICT_OBJC_MSGSEND = YES;
				ENABLE_USER_SCRIPT_SANDBOXING = YES;
				GCC_C_LANGUAGE_STANDARD = gnu17;
				GCC_NO_COMMON_BLOCKS = YES;
				GCC_PREPROCESSOR_DEFINITIONS = (
					"NDEBUG=1",
					"PLANG_MAIN=1",
					"$(inherited)",
				);
				GCC_WARN_64_TO_32_BIT_CONVERSION = YES;
				GCC_WARN_ABOUT_RETURN_TYPE = YES_ERROR;
				GCC_WARN_UNDECLARED_SELECTOR = YES;
				GCC_WARN_UNINITIALIZED_AUTOS = YES_AGGRESSIVE;
				GCC_WARN_UNUSED_FUNCTION = YES;
				GCC_WARN_UNUSED_VARIABLE = YES;
				LOCALIZATION_PREFERS_STRING_CATALOGS = YES;
				MACOSX_DEPLOYMENT_TARGET = 26.4;
				MTL_ENABLE_DEBUG_INFO = NO;
				MTL_FAST_MATH = YES;
				SDKROOT = macosx;
				VERSIONING_SYSTEM = "apple-generic";
			};
			name = Release;
		};
		9FBEF74E2FB3D80800BACE77 /* Debug configuration for PBXNativeTarget "plang" */ = {
			isa = XCBuildConfiguration;
			buildSettings = {
				CODE_SIGN_STYLE = Automatic;
				DEAD_CODE_STRIPPING = YES;
				DEVELOPMENT_TEAM = V4FN2V327V;
				DYLIB_COMPATIBILITY_VERSION = 1;
				DYLIB_CURRENT_VERSION = 1;
				EXECUTABLE_PREFIX = lib;
				PRODUCT_NAME = "$(TARGET_NAME)";
				SKIP_INSTALL = YES;
			};
			name = Debug;
		};
		9FBEF74F2FB3D80800BACE77 /* Release configuration for PBXNativeTarget "plang" */ = {
			isa = XCBuildConfiguration;
			buildSettings = {
				CODE_SIGN_STYLE = Automatic;
				DEAD_CODE_STRIPPING = YES;
				DEVELOPMENT_TEAM = V4FN2V327V;
				DYLIB_COMPATIBILITY_VERSION = 1;
				DYLIB_CURRENT_VERSION = 1;
				EXECUTABLE_PREFIX = lib;
				PRODUCT_NAME = "$(TARGET_NAME)";
				SKIP_INSTALL = YES;
			};
			name = Release;
		};
		9FBEF75C2FB3D82300BACE77 /* Debug configuration for PBXNativeTarget "plang Tests" */ = {
			isa = XCBuildConfiguration;
			buildSettings = {
				CODE_SIGN_STYLE = Automatic;
				CURRENT_PROJECT_VERSION = 1;
				DEAD_CODE_STRIPPING = YES;
				DEVELOPMENT_TEAM = V4FN2V327V;
				GENERATE_INFOPLIST_FILE = YES;
				MARKETING_VERSION = 1.0;
				PRODUCT_BUNDLE_IDENTIFIER = "ventures.basehit.plang-Tests";
				PRODUCT_NAME = "$(TARGET_NAME)";
				STRING_CATALOG_GENERATE_SYMBOLS = NO;
				SWIFT_EMIT_LOC_STRINGS = NO;
			};
			name = Debug;
		};
		9FBEF75D2FB3D82300BACE77 /* Release configuration for PBXNativeTarget "plang Tests" */ = {
			isa = XCBuildConfiguration;
			buildSettings = {
				CODE_SIGN_STYLE = Automatic;
				CURRENT_PROJECT_VERSION = 1;
				DEAD_CODE_STRIPPING = YES;
				DEVELOPMENT_TEAM = V4FN2V327V;
				GENERATE_INFOPLIST_FILE = YES;
				MARKETING_VERSION = 1.0;
				PRODUCT_BUNDLE_IDENTIFIER = "ventures.basehit.plang-Tests";
				PRODUCT_NAME = "$(TARGET_NAME)";
				STRING_CATALOG_GENERATE_SYMBOLS = NO;
				SWIFT_EMIT_LOC_STRINGS = NO;
			};
			name = Release;
		};
/* End XCBuildConfiguration section */

/* Begin XCConfigurationList section */
		9F6D61472FDD08B900FEE7B7 /* Build configuration list for PBXNativeTarget "plang_demo" */ = {
			isa = XCConfigurationList;
			buildConfigurations = (
				9F6D61482FDD08B900FEE7B7 /* Debug configuration for PBXNativeTarget "plang_demo" */,
				9F6D61492FDD08B900FEE7B7 /* Release configuration for PBXNativeTarget "plang_demo" */,
			);
			defaultConfigurationName = Release;
		};
		9FBEF7442FB3D80800BACE77 /* Build configuration list for PBXProject "plang" */ = {
			isa = XCConfigurationList;
			buildConfigurations = (
				9FBEF74B2FB3D80800BACE77 /* Debug configuration for PBXProject "plang" */,
				9FBEF74C2FB3D80800BACE77 /* Release configuration for PBXProject "plang" */,
			);
			defaultConfigurationName = Release;
		};
		9FBEF74D2FB3D80800BACE77 /* Build configuration list for PBXNativeTarget "plang" */ = {
			isa = XCConfigurationList;
			buildConfigurations = (
				9FBEF74E2FB3D80800BACE77 /* Debug configuration for PBXNativeTarget "plang" */,
				9FBEF74F2FB3D80800BACE77 /* Release configuration for PBXNativeTarget "plang" */,
			);
			defaultConfigurationName = Release;
		};
		9FBEF75B2FB3D82300BACE77 /* Build configuration list for PBXNativeTarget "plang Tests" */ = {
			isa = XCConfigurationList;
			buildConfigurations = (
				9FBEF75C2FB3D82300BACE77 /* Debug configuration for PBXNativeTarget "plang Tests" */,
				9FBEF75D2FB3D82300BACE77 /* Release configuration for PBXNativeTarget "plang Tests" */,
			);
			defaultConfigurationName = Release;
		};
/* End XCConfigurationList section */
	};
	rootObject = 9FBEF7412FB3D80800BACE77 /* Project object */;
}
